
Microsoft Visual Studio Solution File, Format Version 12.00
# Visual Studio Version 17
VisualStudioVersion = 17.7.34221.43
MinimumVisualStudioVersion = 10.0.40219.1
Project("{8BC9CEB8-8B4A-11D0-8D11-00A0C91BC942}") = "Temp Spoofer", "Temp Spoofer\Temp Spoofer.vcxproj", "{508AE3FF-0CE6-4CC5-94A5-1A13F6E56CE0}"
EndProject
Global
	GlobalSection(SolutionConfigurationPlatforms) = preSolution
		Debug|x64 = Debug|x64
		Debug|x86 = Debug|x86
		Release|x64 = Release|x64
		Release|x86 = Release|x86
	EndGlobalSection
	GlobalSection(ProjectConfigurationPlatforms) = postSolution
		{508AE3FF-0CE6-4CC5-94A5-1A13F6E56CE0}.Debug|x64.ActiveCfg = Debug|x64
		{508AE3FF-0CE6-4CC5-94A5-1A13F6E56CE0}.Debug|x64.Build.0 = Debug|x64
		{508AE3FF-0CE6-4CC5-94A5-1A13F6E56CE0}.Debug|x86.ActiveCfg = Debug|Win32
		{508AE3FF-0CE6-4CC5-94A5-1A13F6E56CE0}.Debug|x86.Build.0 = Debug|Win32
		{508AE3FF-0CE6-4CC5-94A5-1A13F6E56CE0}.Release|x64.ActiveCfg = Release|x64
		{508AE3FF-0CE6-4CC5-94A5-1A13F6E56CE0}.Release|x64.Build.0 = Release|x64
		{508AE3FF-0CE6-4CC5-94A5-1A13F6E56CE0}.Release|x86.ActiveCfg = Release|Win32
		{508AE3FF-0CE6-4CC5-94A5-1A13F6E56CE0}.Release|x86.Build.0 = Release|Win32
	EndGlobalSection
	GlobalSection(SolutionProperties) = preSolution
		HideSolutionNode = FALSE
	EndGlobalSection
	GlobalSection(ExtensibilityGlobals) = postSolution
		SolutionGuid = {F78C0884-969F-4669-A0E4-293DFC1785D4}
	EndGlobalSection
EndGlobal
